
Microsoft Visual Studio Solution File, Format Version 12.00
# Visual Studio 15
VisualStudioVersion = 15.0.28307.757
MinimumVisualStudioVersion = 10.0.40219.1
Project("{8BC9CEB8-8B4A-11D0-8D11-00A0C91BC942}") = "mallat", "mallat\mallat.vcxproj", "{39FE000F-799B-44C0-A373-CD9BA41E1FF0}"
EndProject
Global
	GlobalSection(SolutionConfigurationPlatforms) = preSolution
		Debug|x64 = Debug|x64
		Debug|x86 = Debug|x86
		Release|x64 = Release|x64
		Release|x86 = Release|x86
	EndGlobalSection
	GlobalSection(ProjectConfigurationPlatforms) = postSolution
		{39FE000F-799B-44C0-A373-CD9BA41E1FF0}.Debug|x64.ActiveCfg = Debug|x64
		{39FE000F-799B-44C0-A373-CD9BA41E1FF0}.Debug|x64.Build.0 = Debug|x64
		{39FE000F-799B-44C0-A373-CD9BA41E1FF0}.Debug|x86.ActiveCfg = Debug|Win32
		{39FE000F-799B-44C0-A373-CD9BA41E1FF0}.Debug|x86.Build.0 = Debug|Win32
		{39FE000F-799B-44C0-A373-CD9BA41E1FF0}.Release|x64.ActiveCfg = Release|x64
		{39FE000F-799B-44C0-A373-CD9BA41E1FF0}.Release|x64.Build.0 = Release|x64
		{39FE000F-799B-44C0-A373-CD9BA41E1FF0}.Release|x86.ActiveCfg = Release|Win32
		{39FE000F-799B-44C0-A373-CD9BA41E1FF0}.Release|x86.Build.0 = Release|Win32
	EndGlobalSection
	GlobalSection(SolutionProperties) = preSolution
		HideSolutionNode = FALSE
	EndGlobalSection
	GlobalSection(ExtensibilityGlobals) = postSolution
		SolutionGuid = {95CD73BA-79D8-43D6-BBBB-0CACA1FFCB80}
	EndGlobalSection
EndGlobal
